
Microsoft Visual Studio Solution File, Format Version 12.00
# Visual Studio 15
VisualStudioVersion = 15.0.27703.2026
MinimumVisualStudioVersion = 10.0.40219.1
Project("{FAE04EC0-301F-11D3-BF4B-00C04F79EFBC}") = "StringSizeProject", "StringSizeProject\StringSizeProject.csproj", "{EC86507A-C319-4FDC-B873-49617E9F9C47}"
EndProject
Project("{FAE04EC0-301F-11D3-BF4B-00C04F79EFBC}") = "StringSizeProject.Tests", "StringSizeProject.Tests\StringSizeProject.Tests.csproj", "{9FA40910-A5A1-42C4-A2BB-37ABDB5544C9}"
EndProject
Global
	GlobalSection(SolutionConfigurationPlatforms) = preSolution
		Debug|Any CPU = Debug|Any CPU
		Release|Any CPU = Release|Any CPU
	EndGlobalSection
	GlobalSection(ProjectConfigurationPlatforms) = postSolution
		{EC86507A-C319-4FDC-B873-49617E9F9C47}.Debug|Any CPU.ActiveCfg = Debug|Any CPU
		{EC86507A-C319-4FDC-B873-49617E9F9C47}.Debug|Any CPU.Build.0 = Debug|Any CPU
		{EC86507A-C319-4FDC-B873-49617E9F9C47}.Release|Any CPU.ActiveCfg = Release|Any CPU
		{EC86507A-C319-4FDC-B873-49617E9F9C47}.Release|Any CPU.Build.0 = Release|Any CPU
		{9FA40910-A5A1-42C4-A2BB-37ABDB5544C9}.Debug|Any CPU.ActiveCfg = Debug|Any CPU
		{9FA40910-A5A1-42C4-A2BB-37ABDB5544C9}.Debug|Any CPU.Build.0 = Debug|Any CPU
		{9FA40910-A5A1-42C4-A2BB-37ABDB5544C9}.Release|Any CPU.ActiveCfg = Release|Any CPU
		{9FA40910-A5A1-42C4-A2BB-37ABDB5544C9}.Release|Any CPU.Build.0 = Release|Any CPU
	EndGlobalSection
	GlobalSection(SolutionProperties) = preSolution
		HideSolutionNode = FALSE
	EndGlobalSection
	GlobalSection(ExtensibilityGlobals) = postSolution
		SolutionGuid = {DAF4B9C5-B5B4-4CFF-BF56-1D65336A184B}
	EndGlobalSection
EndGlobal
